<?xml version="1.0" encoding="utf-8"?>
<Project ToolsVersion="4.0" xmlns="http://schemas.microsoft.com/developer/msbuild/2003">
  <ItemGroup>
    <Filter Include="Source Files">
      <UniqueIdentifier>{4FC737F1-C7A5-4376-A066-2A32D752A2FF}</UniqueIdentifier>
      <Extensions>cpp;c;cc;cxx;c++;cppm;ixx;def;odl;idl;hpj;bat;asm;asmx</Extensions>
    </Filter>
    <Filter Include="Header Files">
      <UniqueIdentifier>{93995380-89BD-4b04-88EB-625FBE52EBFB}</UniqueIdentifier>
      <Extensions>h;hh;hpp;hxx;h++;hm;inl;inc;ipp;xsd</Extensions>
    </Filter>
    <Filter Include="Resource Files">
      <UniqueIdentifier>{67DA6AB6-F800-4c08-8B7A-83BB121AAD01}</UniqueIdentifier>
      <Extensions>rc;ico;cur;bmp;dlg;rc2;rct;bin;rgs;gif;jpg;jpeg;jpe;resx;tiff;tif;png;wav;mfcribbon-ms</Extensions>
    </Filter>
    <Filter Include="Header Files\debug">
      <UniqueIdentifier>{7bf18ddf-89c3-47b5-b0bc-8430ffb4c804}</UniqueIdentifier>
    </Filter>
    <Filter Include="Header Files\stdlib">
      <UniqueIdentifier>{8072b846-2f04-457d-9f0d-861e2dc4020b}</UniqueIdentifier>
    </Filter>
  </ItemGroup>
  <ItemGroup>
    <ClCompile Include="main.c">
      <Filter>Source Files</Filter>
    </ClCompile>
    <ClCompile Include="printf.c">
      <Filter>Source Files</Filter>
    </ClCompile>
    <ClCompile Include="custom_loaderapi.c">
      <Filter>Source Files</Filter>
    </ClCompile>
    <ClCompile Include="rc4.c">
      <Filter>Source Files</Filter>
    </ClCompile>
    <ClCompile Include="string_hashing.c">
      <Filter>Source Files</Filter>
    </ClCompile>
  </ItemGroup>
  <ItemGroup>
    <ClInclude Include="helper_functions.h">
      <Filter>Header Files</Filter>
    </ClInclude>
    <ClInclude Include="debug.h">
      <Filter>Header Files\debug</Filter>
    </ClInclude>
    <ClInclude Include="printf.h">
      <Filter>Header Files\stdlib</Filter>
    </ClInclude>
    <ClInclude Include="custom_loaderapi.h">
      <Filter>Header Files</Filter>
    </ClInclude>
    <ClInclude Include="structs.h">
      <Filter>Header Files</Filter>
    </ClInclude>
    <ClInclude Include="rc4.h">
      <Filter>Header Files</Filter>
    </ClInclude>
    <ClInclude Include="ntstatus.h">
      <Filter>Header Files</Filter>
    </ClInclude>
    <ClInclude Include="string_hashing.h">
      <Filter>Header Files</Filter>
    </ClInclude>
  </ItemGroup>
</Project>