<?xml version="1.0" encoding="utf-8"?>
<Project ToolsVersion="4.0" xmlns="http://schemas.microsoft.com/developer/msbuild/2003">
  <ItemGroup>
    <Filter Include="Source Files">
      <UniqueIdentifier>{4FC737F1-C7A5-4376-A066-2A32D752A2FF}</UniqueIdentifier>
      <Extensions>cpp;c;cc;cxx;c++;cppm;ixx;def;odl;idl;hpj;bat;asm;asmx</Extensions>
    </Filter>
    <Filter Include="Header Files">
      <UniqueIdentifier>{93995380-89BD-4b04-88EB-625FBE52EBFB}</UniqueIdentifier>
      <Extensions>h;hh;hpp;hxx;h++;hm;inl;inc;ipp;xsd</Extensions>
    </Filter>
    <Filter Include="Resource Files">
      <UniqueIdentifier>{67DA6AB6-F800-4c08-8B7A-83BB121AAD01}</UniqueIdentifier>
      <Extensions>rc;ico;cur;bmp;dlg;rc2;rct;bin;rgs;gif;jpg;jpeg;jpe;resx;tiff;tif;png;wav;mfcribbon-ms</Extensions>
    </Filter>
    <Filter Include="Header Files\debug">
      <UniqueIdentifier>{7bf18ddf-89c3-47b5-b0bc-8430ffb4c804}</UniqueIdentifier>
    </Filter>
    <Filter Include="Header Files\encryption">
      <UniqueIdentifier>{15fb43aa-ea22-4ce0-9404-7612faad8594}</UniqueIdentifier>
    </Filter>
    <Filter Include="Source Files\encryption">
      <UniqueIdentifier>{a72ad9cd-3200-4519-9289-f6fe5349edc8}</UniqueIdentifier>
    </Filter>
    <Filter Include="Header Files\anti-analysis">
      <UniqueIdentifier>{78d90ea6-3859-40ef-a668-890bfdac7cf6}</UniqueIdentifier>
    </Filter>
    <Filter Include="Source Files\anti-analysis">
      <UniqueIdentifier>{2b30b5b2-17fa-4b65-b6bc-775bfa00bdf8}</UniqueIdentifier>
    </Filter>
    <Filter Include="Source Files\anti-analysis\anti-disass-asm">
      <UniqueIdentifier>{eb290902-75ad-40ef-b61d-7afb5cb382fd}</UniqueIdentifier>
    </Filter>
    <Filter Include="Header Files\mutex">
      <UniqueIdentifier>{8d646cd0-062a-4d0f-b2f5-e9f64c8d963f}</UniqueIdentifier>
    </Filter>
    <Filter Include="Source Files\mutex">
      <UniqueIdentifier>{34ab1ee7-f7a9-4a93-bb52-1dbf4675e5a4}</UniqueIdentifier>
    </Filter>
    <Filter Include="Header Files\hooks">
      <UniqueIdentifier>{186d90b7-ea12-45c0-a7a4-690a5cbace7d}</UniqueIdentifier>
    </Filter>
    <Filter Include="Source Files\hooks">
      <UniqueIdentifier>{f0e92887-58b4-44db-a4ea-3660b57e6c0a}</UniqueIdentifier>
    </Filter>
    <Filter Include="Header Files\IAT">
      <UniqueIdentifier>{fb5e50ae-704c-40cd-a5f1-72b5dbcd830f}</UniqueIdentifier>
    </Filter>
    <Filter Include="Source Files\IAT">
      <UniqueIdentifier>{a2565f94-7caa-4f36-a8eb-7f894dbf6f6c}</UniqueIdentifier>
    </Filter>
  </ItemGroup>
  <ItemGroup>
    <ClCompile Include="main.c">
      <Filter>Source Files</Filter>
    </ClCompile>
    <ClCompile Include="custom_loaderapi.c">
      <Filter>Source Files</Filter>
    </ClCompile>
    <ClCompile Include="string_hashing.c">
      <Filter>Source Files</Filter>
    </ClCompile>
    <ClCompile Include="rc4.c">
      <Filter>Source Files\encryption</Filter>
    </ClCompile>
    <ClCompile Include="anti-disass.c">
      <Filter>Source Files\anti-analysis</Filter>
    </ClCompile>
    <ClCompile Include="anti-debug.c">
      <Filter>Source Files\anti-analysis</Filter>
    </ClCompile>
    <ClCompile Include="indirect_syscall.c">
      <Filter>Source Files</Filter>
    </ClCompile>
    <ClCompile Include="mutex.c">
      <Filter>Source Files\mutex</Filter>
    </ClCompile>
    <ClCompile Include="xor.h">
      <Filter>Header Files\encryption</Filter>
    </ClCompile>
    <ClCompile Include="xor.c">
      <Filter>Source Files\encryption</Filter>
    </ClCompile>
    <ClCompile Include="helper_functions.c">
      <Filter>Source Files</Filter>
    </ClCompile>
    <ClCompile Include="exception_handler.c">
      <Filter>Source Files</Filter>
    </ClCompile>
    <ClCompile Include="hwbp.c">
      <Filter>Source Files</Filter>
    </ClCompile>
    <ClCompile Include="hook_functions.c">
      <Filter>Source Files\hooks</Filter>
    </ClCompile>
    <ClCompile Include="iat_camoflage.c">
      <Filter>Source Files\IAT</Filter>
    </ClCompile>
  </ItemGroup>
  <ItemGroup>
    <ClInclude Include="helper_functions.h">
      <Filter>Header Files</Filter>
    </ClInclude>
    <ClInclude Include="debug.h">
      <Filter>Header Files\debug</Filter>
    </ClInclude>
    <ClInclude Include="custom_loaderapi.h">
      <Filter>Header Files</Filter>
    </ClInclude>
    <ClInclude Include="structs.h">
      <Filter>Header Files</Filter>
    </ClInclude>
    <ClInclude Include="ntstatus.h">
      <Filter>Header Files</Filter>
    </ClInclude>
    <ClInclude Include="string_hashing.h">
      <Filter>Header Files</Filter>
    </ClInclude>
    <ClInclude Include="rc4.h">
      <Filter>Header Files\encryption</Filter>
    </ClInclude>
    <ClInclude Include="anti-debug.h">
      <Filter>Header Files\anti-analysis</Filter>
    </ClInclude>
    <ClInclude Include="anti-vm.h">
      <Filter>Header Files\anti-analysis</Filter>
    </ClInclude>
    <ClInclude Include="anti-sandbox.h">
      <Filter>Header Files\anti-analysis</Filter>
    </ClInclude>
    <ClInclude Include="anti-disass.h">
      <Filter>Header Files\anti-analysis</Filter>
    </ClInclude>
    <ClInclude Include="indirect_syscall.h">
      <Filter>Header Files</Filter>
    </ClInclude>
    <ClInclude Include="typedefs.h">
      <Filter>Header Files</Filter>
    </ClInclude>
    <ClInclude Include="mutex.h">
      <Filter>Header Files\mutex</Filter>
    </ClInclude>
    <ClInclude Include="resource.h">
      <Filter>Header Files</Filter>
    </ClInclude>
    <ClInclude Include="intrinsic.h">
      <Filter>Header Files</Filter>
    </ClInclude>
    <ClInclude Include="exception_handler.h">
      <Filter>Header Files</Filter>
    </ClInclude>
    <ClInclude Include="hwbp.h">
      <Filter>Header Files</Filter>
    </ClInclude>
    <ClInclude Include="hook_functions.h">
      <Filter>Header Files\hooks</Filter>
    </ClInclude>
    <ClInclude Include="iat_camoflage.h">
      <Filter>Header Files\IAT</Filter>
    </ClInclude>
  </ItemGroup>
  <ItemGroup>
    <MASM Include="anti-disass-x64.asm">
      <Filter>Source Files\anti-analysis\anti-disass-asm</Filter>
    </MASM>
    <MASM Include="indir_syscall.asm">
      <Filter>Source Files</Filter>
    </MASM>
  </ItemGroup>
  <ItemGroup>
    <ResourceCompile Include="tiger.rc">
      <Filter>Resource Files</Filter>
    </ResourceCompile>
  </ItemGroup>
  <ItemGroup>
    <None Include="payload.bin">
      <Filter>Resource Files</Filter>
    </None>
  </ItemGroup>
</Project>